
Microsoft Visual Studio Solution File, Format Version 12.00
# Visual Studio Version 17
VisualStudioVersion = 17.9.34728.123
MinimumVisualStudioVersion = 10.0.40219.1
Project("{FAE04EC0-301F-11D3-BF4B-00C04F79EFBC}") = "BattleMetricsAPI", "BattleMetricsAPI.csproj", "{3A1223E0-7BD9-46E2-B843-17F4CC108AEA}"
EndProject
Global
	GlobalSection(SolutionConfigurationPlatforms) = preSolution
		Debug|Any CPU = Debug|Any CPU
		Release|Any CPU = Release|Any CPU
	EndGlobalSection
	GlobalSection(ProjectConfigurationPlatforms) = postSolution
		{3A1223E0-7BD9-46E2-B843-17F4CC108AEA}.Debug|Any CPU.ActiveCfg = Debug|Any CPU
		{3A1223E0-7BD9-46E2-B843-17F4CC108AEA}.Debug|Any CPU.Build.0 = Debug|Any CPU
		{3A1223E0-7BD9-46E2-B843-17F4CC108AEA}.Release|Any CPU.ActiveCfg = Release|Any CPU
		{3A1223E0-7BD9-46E2-B843-17F4CC108AEA}.Release|Any CPU.Build.0 = Release|Any CPU
	EndGlobalSection
	GlobalSection(SolutionProperties) = preSolution
		HideSolutionNode = FALSE
	EndGlobalSection
	GlobalSection(ExtensibilityGlobals) = postSolution
		SolutionGuid = {E21871A8-7D35-4FE4-84A1-2DEA0A055BA8}
	EndGlobalSection
EndGlobal
